<?xml version="1.0" encoding="utf-8"?>
<Project ToolsVersion="4.0" xmlns="http://schemas.microsoft.com/developer/msbuild/2003">
  <ItemGroup>
    <Filter Include="Source Files">
      <UniqueIdentifier>{4FC737F1-C7A5-4376-A066-2A32D752A2FF}</UniqueIdentifier>
      <Extensions>cpp;c;cc;cxx;c++;cppm;ixx;def;odl;idl;hpj;bat;asm;asmx</Extensions>
    </Filter>
    <Filter Include="Header Files">
      <UniqueIdentifier>{93995380-89BD-4b04-88EB-625FBE52EBFB}</UniqueIdentifier>
      <Extensions>h;hh;hpp;hxx;h++;hm;inl;inc;ipp;xsd</Extensions>
    </Filter>
    <Filter Include="Resource Files">
      <UniqueIdentifier>{67DA6AB6-F800-4c08-8B7A-83BB121AAD01}</UniqueIdentifier>
      <Extensions>rc;ico;cur;bmp;dlg;rc2;rct;bin;rgs;gif;jpg;jpeg;jpe;resx;tiff;tif;png;wav;mfcribbon-ms</Extensions>
    </Filter>
    <Filter Include="Source Files\Object">
      <UniqueIdentifier>{6ee76123-c009-4892-a715-ac7c29c802f4}</UniqueIdentifier>
    </Filter>
    <Filter Include="Source Files\Screen">
      <UniqueIdentifier>{213e2575-32e3-4fc5-aa9f-7905ba864aa4}</UniqueIdentifier>
    </Filter>
    <Filter Include="Source Files\Event">
      <UniqueIdentifier>{045fc019-db11-487f-853b-329cf30c82ec}</UniqueIdentifier>
    </Filter>
    <Filter Include="Source Files\Colour">
      <UniqueIdentifier>{12fa51fe-f7f8-4962-9d52-4449553c817e}</UniqueIdentifier>
    </Filter>
    <Filter Include="Source Files\Application">
      <UniqueIdentifier>{19e8420a-acb9-4ad9-af1f-3158c6b5144e}</UniqueIdentifier>
    </Filter>
    <Filter Include="Source Files\Global">
      <UniqueIdentifier>{15fff92a-648b-4301-acd4-01a087d8a920}</UniqueIdentifier>
    </Filter>
    <Filter Include="Resource Files\assets">
      <UniqueIdentifier>{286837c5-c81b-41a0-8a4f-258403f09cf1}</UniqueIdentifier>
    </Filter>
    <Filter Include="Source Files\Utility">
      <UniqueIdentifier>{5d7deb8e-b8bc-47b1-a4bf-499969c165e0}</UniqueIdentifier>
    </Filter>
  </ItemGroup>
  <ItemGroup>
    <ClCompile Include="main.cpp">
      <Filter>Source Files</Filter>
    </ClCompile>
    <ClCompile Include="Sphere.cpp">
      <Filter>Source Files\Object</Filter>
    </ClCompile>
    <ClCompile Include="Start.h">
      <Filter>Source Files\Screen</Filter>
    </ClCompile>
    <ClCompile Include="EventBus.h">
      <Filter>Source Files\Event</Filter>
    </ClCompile>
    <ClCompile Include="Application.h">
      <Filter>Source Files\Application</Filter>
    </ClCompile>
    <ClCompile Include="ColourIdGenerator.cpp">
      <Filter>Source Files\Colour</Filter>
    </ClCompile>
    <ClCompile Include="Global.cpp">
      <Filter>Source Files\Global</Filter>
    </ClCompile>
  </ItemGroup>
  <ItemGroup>
    <ClInclude Include="Object.h">
      <Filter>Source Files\Object</Filter>
    </ClInclude>
    <ClInclude Include="Camera.h">
      <Filter>Source Files\Object</Filter>
    </ClInclude>
    <ClInclude Include="Editable.h">
      <Filter>Source Files\Object</Filter>
    </ClInclude>
    <ClInclude Include="Sphere.h">
      <Filter>Source Files\Object</Filter>
    </ClInclude>
    <ClInclude Include="Plane.h">
      <Filter>Source Files\Object</Filter>
    </ClInclude>
    <ClInclude Include="Cube.h">
      <Filter>Source Files\Object</Filter>
    </ClInclude>
    <ClInclude Include="Cylinder.h">
      <Filter>Source Files\Object</Filter>
    </ClInclude>
    <ClInclude Include="Colourful.h">
      <Filter>Source Files\Object</Filter>
    </ClInclude>
    <ClInclude Include="Light.h">
      <Filter>Source Files\Object</Filter>
    </ClInclude>
    <ClInclude Include="Screen.h">
      <Filter>Source Files\Screen</Filter>
    </ClInclude>
    <ClInclude Include="Event.h">
      <Filter>Source Files\Event</Filter>
    </ClInclude>
    <ClInclude Include="ColourIdGenerator.h">
      <Filter>Source Files\Colour</Filter>
    </ClInclude>
    <ClInclude Include="Global.h">
      <Filter>Source Files\Global</Filter>
    </ClInclude>
    <ClInclude Include="Image.h">
      <Filter>Source Files\Object</Filter>
    </ClInclude>
    <ClInclude Include="ImageLoader.h">
      <Filter>Source Files\Utility</Filter>
    </ClInclude>
    <ClInclude Include="StringFormatter.h">
      <Filter>Source Files\Utility</Filter>
    </ClInclude>
  </ItemGroup>
  <ItemGroup>
    <Image Include="assets\sprite_dice.bmp">
      <Filter>Resource Files\assets</Filter>
    </Image>
  </ItemGroup>
</Project>